// !$*UTF8*$!
{
	archiveVersion = 1;
	classes = {
	};
	objectVersion = 52;
	objects = {

/* Begin PBXBuildFile section */
		EE0BFF7F25CCA303007ACA9D /* AdventureCommands.swift in Sources */ = {isa = PBXBuildFile; fileRef = EE0BFF7E25CCA303007ACA9D /* AdventureCommands.swift */; };
		EE100A082728B828006BB086 /* SigmaSwiftStatistics in Frameworks */ = {isa = PBXBuildFile; productRef = EE100A072728B828006BB086 /* SigmaSwiftStatistics */; };
		EE100A0A27298841006BB086 /* SplashTabView.swift in Sources */ = {isa = PBXBuildFile; fileRef = EE100A0927298841006BB086 /* SplashTabView.swift */; };
		EE100A0C272EF0CD006BB086 /* RangeSlider.swift in Sources */ = {isa = PBXBuildFile; fileRef = EE100A0B272EF0CD006BB086 /* RangeSlider.swift */; };
		EE100A0E272EF161006BB086 /* MonthHistogramView.swift in Sources */ = {isa = PBXBuildFile; fileRef = EE100A0D272EF161006BB086 /* MonthHistogramView.swift */; };
		EE100A10272EF234006BB086 /* LowerStatsView.swift in Sources */ = {isa = PBXBuildFile; fileRef = EE100A0F272EF234006BB086 /* LowerStatsView.swift */; };
		EE100A12272F26EA006BB086 /* UpperStatsView.swift in Sources */ = {isa = PBXBuildFile; fileRef = EE100A11272F26EA006BB086 /* UpperStatsView.swift */; };
		EE1492A125F5433F00DE184A /* BatchParseView.swift in Sources */ = {isa = PBXBuildFile; fileRef = EE1492A025F5433F00DE184A /* BatchParseView.swift */; };
		EE1492A325F7B76800DE184A /* BParseRow.swift in Sources */ = {isa = PBXBuildFile; fileRef = EE1492A225F7B76800DE184A /* BParseRow.swift */; };
		EE1492A525F7B99600DE184A /* BPListView.swift in Sources */ = {isa = PBXBuildFile; fileRef = EE1492A425F7B99600DE184A /* BPListView.swift */; };
		EE1492A725F7CB1C00DE184A /* XMLFilesData.swift in Sources */ = {isa = PBXBuildFile; fileRef = EE1492A625F7CB1C00DE184A /* XMLFilesData.swift */; };
		EE3EB17F25D1F212004C149B /* SummaryTab.swift in Sources */ = {isa = PBXBuildFile; fileRef = EE3EB17E25D1F212004C149B /* SummaryTab.swift */; };
		EE5BF7A9270DE5210045B3E0 /* SliderView.swift in Sources */ = {isa = PBXBuildFile; fileRef = EE5BF7A8270DE5210045B3E0 /* SliderView.swift */; };
		EE5E0372274E7EF5001D8230 /* SplitsChartView.swift in Sources */ = {isa = PBXBuildFile; fileRef = EE5E0371274E7EF5001D8230 /* SplitsChartView.swift */; };
		EE8218822703CAD300430188 /* FilterView.swift in Sources */ = {isa = PBXBuildFile; fileRef = EE8218812703CAD300430188 /* FilterView.swift */; };
		EE87E98725F04F98005C5669 /* DifficultyView.swift in Sources */ = {isa = PBXBuildFile; fileRef = EE87E98625F04F98005C5669 /* DifficultyView.swift */; };
		EE87FAC225CB5DA400BA5BA0 /* myAdventureRecordApp.swift in Sources */ = {isa = PBXBuildFile; fileRef = EE87FAC125CB5DA400BA5BA0 /* myAdventureRecordApp.swift */; };
		EE87FAC425CB5DA400BA5BA0 /* ContentView.swift in Sources */ = {isa = PBXBuildFile; fileRef = EE87FAC325CB5DA400BA5BA0 /* ContentView.swift */; };
		EE87FAC625CB5DA600BA5BA0 /* Assets.xcassets in Resources */ = {isa = PBXBuildFile; fileRef = EE87FAC525CB5DA600BA5BA0 /* Assets.xcassets */; };
		EE87FAC925CB5DA600BA5BA0 /* Preview Assets.xcassets in Resources */ = {isa = PBXBuildFile; fileRef = EE87FAC825CB5DA600BA5BA0 /* Preview Assets.xcassets */; };
		EE87FB0325CB5E0400BA5BA0 /* StatsStructs.swift in Sources */ = {isa = PBXBuildFile; fileRef = EE87FAD425CB5E0300BA5BA0 /* StatsStructs.swift */; };
		EE87FB0425CB5E0400BA5BA0 /* Track.swift in Sources */ = {isa = PBXBuildFile; fileRef = EE87FAD525CB5E0300BA5BA0 /* Track.swift */; };
		EE87FB0525CB5E0400BA5BA0 /* ParsingStructs.swift in Sources */ = {isa = PBXBuildFile; fileRef = EE87FAD625CB5E0300BA5BA0 /* ParsingStructs.swift */; };
		EE87FB0625CB5E0500BA5BA0 /* Trkpt.swift in Sources */ = {isa = PBXBuildFile; fileRef = EE87FAD725CB5E0300BA5BA0 /* Trkpt.swift */; };
		EE87FB0725CB5E0500BA5BA0 /* GlobalConstants.swift in Sources */ = {isa = PBXBuildFile; fileRef = EE87FAD825CB5E0300BA5BA0 /* GlobalConstants.swift */; };
		EE87FB0825CB5E0500BA5BA0 /* DistanceSpeedChart.swift in Sources */ = {isa = PBXBuildFile; fileRef = EE87FAD925CB5E0300BA5BA0 /* DistanceSpeedChart.swift */; };
		EE87FB0925CB5E0500BA5BA0 /* DistanceElevationChart.swift in Sources */ = {isa = PBXBuildFile; fileRef = EE87FADA25CB5E0300BA5BA0 /* DistanceElevationChart.swift */; };
		EE87FB0B25CB5E0500BA5BA0 /* DBViewControllerRepresentable.swift in Sources */ = {isa = PBXBuildFile; fileRef = EE87FADD25CB5E0300BA5BA0 /* DBViewControllerRepresentable.swift */; };
		EE87FB0C25CB5E0500BA5BA0 /* DBViewController.swift in Sources */ = {isa = PBXBuildFile; fileRef = EE87FADE25CB5E0300BA5BA0 /* DBViewController.swift */; };
		EE87FB0D25CB5E0500BA5BA0 /* SqlHikingDatabase.swift in Sources */ = {isa = PBXBuildFile; fileRef = EE87FADF25CB5E0300BA5BA0 /* SqlHikingDatabase.swift */; };
		EE87FB0F25CB5E0500BA5BA0 /* Data.swift in Sources */ = {isa = PBXBuildFile; fileRef = EE87FAE225CB5E0300BA5BA0 /* Data.swift */; };
		EE87FB1025CB5E0500BA5BA0 /* UserData.swift in Sources */ = {isa = PBXBuildFile; fileRef = EE87FAE325CB5E0300BA5BA0 /* UserData.swift */; };
		EE87FB1125CB5E0500BA5BA0 /* Adventure.swift in Sources */ = {isa = PBXBuildFile; fileRef = EE87FAE425CB5E0300BA5BA0 /* Adventure.swift */; };
		EE87FB1225CB5E0500BA5BA0 /* DistanceGradeTab.swift in Sources */ = {isa = PBXBuildFile; fileRef = EE87FAE725CB5E0400BA5BA0 /* DistanceGradeTab.swift */; };
		EE87FB1325CB5E0500BA5BA0 /* DistanceElevationTab.swift in Sources */ = {isa = PBXBuildFile; fileRef = EE87FAE825CB5E0400BA5BA0 /* DistanceElevationTab.swift */; };
		EE87FB1425CB5E0500BA5BA0 /* DistanceSpeedTab.swift in Sources */ = {isa = PBXBuildFile; fileRef = EE87FAE925CB5E0400BA5BA0 /* DistanceSpeedTab.swift */; };
		EE87FB1525CB5E0500BA5BA0 /* GainTriangleView.swift in Sources */ = {isa = PBXBuildFile; fileRef = EE87FAEA25CB5E0400BA5BA0 /* GainTriangleView.swift */; };
		EE87FB1625CB5E0500BA5BA0 /* HikingDBView.swift in Sources */ = {isa = PBXBuildFile; fileRef = EE87FAEC25CB5E0400BA5BA0 /* HikingDBView.swift */; };
		EE87FB1725CB5E0500BA5BA0 /* MapView.swift in Sources */ = {isa = PBXBuildFile; fileRef = EE87FAED25CB5E0400BA5BA0 /* MapView.swift */; };
		EE87FB1825CB5E0500BA5BA0 /* CircleImage.swift in Sources */ = {isa = PBXBuildFile; fileRef = EE87FAEE25CB5E0400BA5BA0 /* CircleImage.swift */; };
		EE87FB1925CB5E0500BA5BA0 /* YAxisView.swift in Sources */ = {isa = PBXBuildFile; fileRef = EE87FAF025CB5E0400BA5BA0 /* YAxisView.swift */; };
		EE87FB1A25CB5E0500BA5BA0 /* DistSpdMainChart.swift in Sources */ = {isa = PBXBuildFile; fileRef = EE87FAF125CB5E0400BA5BA0 /* DistSpdMainChart.swift */; };
		EE87FB1B25CB5E0500BA5BA0 /* MinMaxChart.swift in Sources */ = {isa = PBXBuildFile; fileRef = EE87FAF225CB5E0400BA5BA0 /* MinMaxChart.swift */; };
		EE87FB1C25CB5E0500BA5BA0 /* DistGrdMainChart.swift in Sources */ = {isa = PBXBuildFile; fileRef = EE87FAF325CB5E0400BA5BA0 /* DistGrdMainChart.swift */; };
		EE87FB1D25CB5E0500BA5BA0 /* DistanceGradeChart.swift in Sources */ = {isa = PBXBuildFile; fileRef = EE87FAF425CB5E0400BA5BA0 /* DistanceGradeChart.swift */; };
		EE87FB1E25CB5E0500BA5BA0 /* DistEleMainChart.swift in Sources */ = {isa = PBXBuildFile; fileRef = EE87FAF525CB5E0400BA5BA0 /* DistEleMainChart.swift */; };
		EE87FB1F25CB5E0500BA5BA0 /* XAxisView.swift in Sources */ = {isa = PBXBuildFile; fileRef = EE87FAF625CB5E0400BA5BA0 /* XAxisView.swift */; };
		EE87FB2125CB5E0500BA5BA0 /* Annie.jpeg in Resources */ = {isa = PBXBuildFile; fileRef = EE87FAF925CB5E0400BA5BA0 /* Annie.jpeg */; };
		EE87FB2225CB5E0500BA5BA0 /* myHikingRecordIcon.jpg in Resources */ = {isa = PBXBuildFile; fileRef = EE87FAFA25CB5E0400BA5BA0 /* myHikingRecordIcon.jpg */; };
		EE87FB2325CB5E0500BA5BA0 /* AdventureRow.swift in Sources */ = {isa = PBXBuildFile; fileRef = EE87FAFB25CB5E0400BA5BA0 /* AdventureRow.swift */; };
		EE87FB2425CB5E0500BA5BA0 /* AdventureList.swift in Sources */ = {isa = PBXBuildFile; fileRef = EE87FAFC25CB5E0400BA5BA0 /* AdventureList.swift */; };
		EE87FB2525CB5E0500BA5BA0 /* AdventureDetail.swift in Sources */ = {isa = PBXBuildFile; fileRef = EE87FAFD25CB5E0400BA5BA0 /* AdventureDetail.swift */; };
		EE87FB4625CB742E00BA5BA0 /* Main.storyboard in Resources */ = {isa = PBXBuildFile; fileRef = EE87FB4825CB742E00BA5BA0 /* Main.storyboard */; };
		EE893548273ED62700F8FC4A /* BellCurveChart.swift.swift in Sources */ = {isa = PBXBuildFile; fileRef = EE893547273ED62700F8FC4A /* BellCurveChart.swift.swift */; };
		EE89354A273ED95600F8FC4A /* DistributionHistogramChartView.swift in Sources */ = {isa = PBXBuildFile; fileRef = EE893549273ED95600F8FC4A /* DistributionHistogramChartView.swift */; };
		EE8B90C32603867000050D19 /* AdventureSection2View.swift in Sources */ = {isa = PBXBuildFile; fileRef = EE8B90C22603867000050D19 /* AdventureSection2View.swift */; };
		EE99D7C72726EA2C00338ADE /* SplashView.swift in Sources */ = {isa = PBXBuildFile; fileRef = EE99D7C62726EA2C00338ADE /* SplashView.swift */; };
		EE9AFD96274D9D5C00F84D3F /* SplitsView.swift in Sources */ = {isa = PBXBuildFile; fileRef = EE9AFD95274D9D5C00F84D3F /* SplitsView.swift */; };
		EEDA19A725D4992D00B72577 /* parseGPXXML.swift in Sources */ = {isa = PBXBuildFile; fileRef = EEDA19A625D4992D00B72577 /* parseGPXXML.swift */; };
		EEDA19A925D56FF300B72577 /* GpxParseView.swift in Sources */ = {isa = PBXBuildFile; fileRef = EEDA19A825D56FF300B72577 /* GpxParseView.swift */; };
		EEEB2A2E263AEC11004D3602 /* SQLite.framework in Frameworks */ = {isa = PBXBuildFile; fileRef = EEEB2A2D263AEBF8004D3602 /* SQLite.framework */; };
		EEEB2A2F263AEC11004D3602 /* SQLite.framework in Embed Frameworks */ = {isa = PBXBuildFile; fileRef = EEEB2A2D263AEBF8004D3602 /* SQLite.framework */; settings = {ATTRIBUTES = (CodeSignOnCopy, RemoveHeadersOnCopy, ); }; };
		EEEB2A32263AEC45004D3602 /* SQLite.framework.dSYM in CopyFiles */ = {isa = PBXBuildFile; fileRef = EEEB2A31263AEC44004D3602 /* SQLite.framework.dSYM */; };
		EEFFBE4D2731C0D200B89325 /* DescriptiveStatsView.swift in Sources */ = {isa = PBXBuildFile; fileRef = EEFFBE4C2731C0D200B89325 /* DescriptiveStatsView.swift */; };
		EEFFBE4F2731C3A500B89325 /* DistributionChart.swift in Sources */ = {isa = PBXBuildFile; fileRef = EEFFBE4E2731C3A500B89325 /* DistributionChart.swift */; };
/* End PBXBuildFile section */

/* Begin PBXCopyFilesBuildPhase section */
		EE87FB3925CB620A00BA5BA0 /* CopyFiles */ = {
			isa = PBXCopyFilesBuildPhase;
			buildActionMask = 2147483647;
			dstPath = "";
			dstSubfolderSpec = 16;
			files = (
				EEEB2A32263AEC45004D3602 /* SQLite.framework.dSYM in CopyFiles */,
			);
			runOnlyForDeploymentPostprocessing = 0;
		};
		EEEB2A30263AEC11004D3602 /* Embed Frameworks */ = {
			isa = PBXCopyFilesBuildPhase;
			buildActionMask = 2147483647;
			dstPath = "";
			dstSubfolderSpec = 10;
			files = (
				EEEB2A2F263AEC11004D3602 /* SQLite.framework in Embed Frameworks */,
			);
			name = "Embed Frameworks";
			runOnlyForDeploymentPostprocessing = 0;
		};
/* End PBXCopyFilesBuildPhase section */

/* Begin PBXFileReference section */
		EE0BFF7E25CCA303007ACA9D /* AdventureCommands.swift */ = {isa = PBXFileReference; lastKnownFileType = sourcecode.swift; path = AdventureCommands.swift; sourceTree = "<group>"; };
		EE100A0927298841006BB086 /* SplashTabView.swift */ = {isa = PBXFileReference; lastKnownFileType = sourcecode.swift; path = SplashTabView.swift; sourceTree = "<group>"; };
		EE100A0B272EF0CD006BB086 /* RangeSlider.swift */ = {isa = PBXFileReference; lastKnownFileType = sourcecode.swift; path = RangeSlider.swift; sourceTree = "<group>"; };
		EE100A0D272EF161006BB086 /* MonthHistogramView.swift */ = {isa = PBXFileReference; lastKnownFileType = sourcecode.swift; path = MonthHistogramView.swift; sourceTree = "<group>"; };
		EE100A0F272EF234006BB086 /* LowerStatsView.swift */ = {isa = PBXFileReference; lastKnownFileType = sourcecode.swift; path = LowerStatsView.swift; sourceTree = "<group>"; };
		EE100A11272F26EA006BB086 /* UpperStatsView.swift */ = {isa = PBXFileReference; lastKnownFileType = sourcecode.swift; path = UpperStatsView.swift; sourceTree = "<group>"; };
		EE1492A025F5433F00DE184A /* BatchParseView.swift */ = {isa = PBXFileReference; lastKnownFileType = sourcecode.swift; path = BatchParseView.swift; sourceTree = "<group>"; };
		EE1492A225F7B76800DE184A /* BParseRow.swift */ = {isa = PBXFileReference; lastKnownFileType = sourcecode.swift; path = BParseRow.swift; sourceTree = "<group>"; };
		EE1492A425F7B99600DE184A /* BPListView.swift */ = {isa = PBXFileReference; lastKnownFileType = sourcecode.swift; path = BPListView.swift; sourceTree = "<group>"; };
		EE1492A625F7CB1C00DE184A /* XMLFilesData.swift */ = {isa = PBXFileReference; lastKnownFileType = sourcecode.swift; path = XMLFilesData.swift; sourceTree = "<group>"; };
		EE1D66DF25CCB48A0050EB69 /* Info.plist */ = {isa = PBXFileReference; lastKnownFileType = text.plist.xml; path = Info.plist; sourceTree = "<group>"; };
		EE3EB17E25D1F212004C149B /* SummaryTab.swift */ = {isa = PBXFileReference; lastKnownFileType = sourcecode.swift; path = SummaryTab.swift; sourceTree = "<group>"; };
		EE5BF7A8270DE5210045B3E0 /* SliderView.swift */ = {isa = PBXFileReference; lastKnownFileType = sourcecode.swift; path = SliderView.swift; sourceTree = "<group>"; };
		EE5E0371274E7EF5001D8230 /* SplitsChartView.swift */ = {isa = PBXFileReference; lastKnownFileType = sourcecode.swift; path = SplitsChartView.swift; sourceTree = SOURCE_ROOT; };
		EE8218812703CAD300430188 /* FilterView.swift */ = {isa = PBXFileReference; lastKnownFileType = sourcecode.swift; path = FilterView.swift; sourceTree = "<group>"; };
		EE87E98625F04F98005C5669 /* DifficultyView.swift */ = {isa = PBXFileReference; lastKnownFileType = sourcecode.swift; path = DifficultyView.swift; sourceTree = "<group>"; };
		EE87FABE25CB5DA400BA5BA0 /* myAdventureRecord.app */ = {isa = PBXFileReference; explicitFileType = wrapper.application; includeInIndex = 0; path = myAdventureRecord.app; sourceTree = BUILT_PRODUCTS_DIR; };
		EE87FAC125CB5DA400BA5BA0 /* myAdventureRecordApp.swift */ = {isa = PBXFileReference; lastKnownFileType = sourcecode.swift; path = myAdventureRecordApp.swift; sourceTree = "<group>"; };
		EE87FAC325CB5DA400BA5BA0 /* ContentView.swift */ = {isa = PBXFileReference; lastKnownFileType = sourcecode.swift; path = ContentView.swift; sourceTree = "<group>"; };
		EE87FAC525CB5DA600BA5BA0 /* Assets.xcassets */ = {isa = PBXFileReference; lastKnownFileType = folder.assetcatalog; path = Assets.xcassets; sourceTree = "<group>"; };
		EE87FAC825CB5DA600BA5BA0 /* Preview Assets.xcassets */ = {isa = PBXFileReference; lastKnownFileType = folder.assetcatalog; path = "Preview Assets.xcassets"; sourceTree = "<group>"; };
		EE87FACB25CB5DA600BA5BA0 /* myAdventureRecord.entitlements */ = {isa = PBXFileReference; lastKnownFileType = text.plist.entitlements; path = myAdventureRecord.entitlements; sourceTree = "<group>"; };
		EE87FAD425CB5E0300BA5BA0 /* StatsStructs.swift */ = {isa = PBXFileReference; fileEncoding = 4; lastKnownFileType = sourcecode.swift; path = StatsStructs.swift; sourceTree = "<group>"; };
		EE87FAD525CB5E0300BA5BA0 /* Track.swift */ = {isa = PBXFileReference; fileEncoding = 4; lastKnownFileType = sourcecode.swift; path = Track.swift; sourceTree = "<group>"; };
		EE87FAD625CB5E0300BA5BA0 /* ParsingStructs.swift */ = {isa = PBXFileReference; fileEncoding = 4; lastKnownFileType = sourcecode.swift; path = ParsingStructs.swift; sourceTree = "<group>"; };
		EE87FAD725CB5E0300BA5BA0 /* Trkpt.swift */ = {isa = PBXFileReference; fileEncoding = 4; lastKnownFileType = sourcecode.swift; path = Trkpt.swift; sourceTree = "<group>"; };
		EE87FAD825CB5E0300BA5BA0 /* GlobalConstants.swift */ = {isa = PBXFileReference; fileEncoding = 4; lastKnownFileType = sourcecode.swift; path = GlobalConstants.swift; sourceTree = "<group>"; };
		EE87FAD925CB5E0300BA5BA0 /* DistanceSpeedChart.swift */ = {isa = PBXFileReference; fileEncoding = 4; lastKnownFileType = sourcecode.swift; path = DistanceSpeedChart.swift; sourceTree = "<group>"; };
		EE87FADA25CB5E0300BA5BA0 /* DistanceElevationChart.swift */ = {isa = PBXFileReference; fileEncoding = 4; lastKnownFileType = sourcecode.swift; path = DistanceElevationChart.swift; sourceTree = "<group>"; };
		EE87FADD25CB5E0300BA5BA0 /* DBViewControllerRepresentable.swift */ = {isa = PBXFileReference; fileEncoding = 4; lastKnownFileType = sourcecode.swift; path = DBViewControllerRepresentable.swift; sourceTree = "<group>"; };
		EE87FADE25CB5E0300BA5BA0 /* DBViewController.swift */ = {isa = PBXFileReference; fileEncoding = 4; lastKnownFileType = sourcecode.swift; path = DBViewController.swift; sourceTree = "<group>"; };
		EE87FADF25CB5E0300BA5BA0 /* SqlHikingDatabase.swift */ = {isa = PBXFileReference; fileEncoding = 4; lastKnownFileType = sourcecode.swift; path = SqlHikingDatabase.swift; sourceTree = "<group>"; };
		EE87FAE225CB5E0300BA5BA0 /* Data.swift */ = {isa = PBXFileReference; fileEncoding = 4; lastKnownFileType = sourcecode.swift; path = Data.swift; sourceTree = "<group>"; };
		EE87FAE325CB5E0300BA5BA0 /* UserData.swift */ = {isa = PBXFileReference; fileEncoding = 4; lastKnownFileType = sourcecode.swift; path = UserData.swift; sourceTree = "<group>"; };
		EE87FAE425CB5E0300BA5BA0 /* Adventure.swift */ = {isa = PBXFileReference; fileEncoding = 4; lastKnownFileType = sourcecode.swift; path = Adventure.swift; sourceTree = "<group>"; };
		EE87FAE725CB5E0400BA5BA0 /* DistanceGradeTab.swift */ = {isa = PBXFileReference; fileEncoding = 4; lastKnownFileType = sourcecode.swift; path = DistanceGradeTab.swift; sourceTree = "<group>"; };
		EE87FAE825CB5E0400BA5BA0 /* DistanceElevationTab.swift */ = {isa = PBXFileReference; fileEncoding = 4; lastKnownFileType = sourcecode.swift; path = DistanceElevationTab.swift; sourceTree = "<group>"; };
		EE87FAE925CB5E0400BA5BA0 /* DistanceSpeedTab.swift */ = {isa = PBXFileReference; fileEncoding = 4; lastKnownFileType = sourcecode.swift; path = DistanceSpeedTab.swift; sourceTree = "<group>"; };
		EE87FAEA25CB5E0400BA5BA0 /* GainTriangleView.swift */ = {isa = PBXFileReference; fileEncoding = 4; lastKnownFileType = sourcecode.swift; path = GainTriangleView.swift; sourceTree = "<group>"; };
		EE87FAEC25CB5E0400BA5BA0 /* HikingDBView.swift */ = {isa = PBXFileReference; fileEncoding = 4; lastKnownFileType = sourcecode.swift; path = HikingDBView.swift; sourceTree = "<group>"; };
		EE87FAED25CB5E0400BA5BA0 /* MapView.swift */ = {isa = PBXFileReference; fileEncoding = 4; lastKnownFileType = sourcecode.swift; path = MapView.swift; sourceTree = "<group>"; };
		EE87FAEE25CB5E0400BA5BA0 /* CircleImage.swift */ = {isa = PBXFileReference; fileEncoding = 4; lastKnownFileType = sourcecode.swift; path = CircleImage.swift; sourceTree = "<group>"; };
		EE87FAF025CB5E0400BA5BA0 /* YAxisView.swift */ = {isa = PBXFileReference; fileEncoding = 4; lastKnownFileType = sourcecode.swift; path = YAxisView.swift; sourceTree = "<group>"; };
		EE87FAF125CB5E0400BA5BA0 /* DistSpdMainChart.swift */ = {isa = PBXFileReference; fileEncoding = 4; lastKnownFileType = sourcecode.swift; path = DistSpdMainChart.swift; sourceTree = "<group>"; };
		EE87FAF225CB5E0400BA5BA0 /* MinMaxChart.swift */ = {isa = PBXFileReference; fileEncoding = 4; lastKnownFileType = sourcecode.swift; path = MinMaxChart.swift; sourceTree = "<group>"; };
		EE87FAF325CB5E0400BA5BA0 /* DistGrdMainChart.swift */ = {isa = PBXFileReference; fileEncoding = 4; lastKnownFileType = sourcecode.swift; path = DistGrdMainChart.swift; sourceTree = "<group>"; };
		EE87FAF425CB5E0400BA5BA0 /* DistanceGradeChart.swift */ = {isa = PBXFileReference; fileEncoding = 4; lastKnownFileType = sourcecode.swift; path = DistanceGradeChart.swift; sourceTree = "<group>"; };
		EE87FAF525CB5E0400BA5BA0 /* DistEleMainChart.swift */ = {isa = PBXFileReference; fileEncoding = 4; lastKnownFileType = sourcecode.swift; path = DistEleMainChart.swift; sourceTree = "<group>"; };
		EE87FAF625CB5E0400BA5BA0 /* XAxisView.swift */ = {isa = PBXFileReference; fileEncoding = 4; lastKnownFileType = sourcecode.swift; path = XAxisView.swift; sourceTree = "<group>"; };
		EE87FAF925CB5E0400BA5BA0 /* Annie.jpeg */ = {isa = PBXFileReference; lastKnownFileType = image.jpeg; path = Annie.jpeg; sourceTree = "<group>"; };
		EE87FAFA25CB5E0400BA5BA0 /* myHikingRecordIcon.jpg */ = {isa = PBXFileReference; lastKnownFileType = image.jpeg; path = myHikingRecordIcon.jpg; sourceTree = "<group>"; };
		EE87FAFB25CB5E0400BA5BA0 /* AdventureRow.swift */ = {isa = PBXFileReference; fileEncoding = 4; lastKnownFileType = sourcecode.swift; path = AdventureRow.swift; sourceTree = "<group>"; };
		EE87FAFC25CB5E0400BA5BA0 /* AdventureList.swift */ = {isa = PBXFileReference; fileEncoding = 4; lastKnownFileType = sourcecode.swift; path = AdventureList.swift; sourceTree = "<group>"; };
		EE87FAFD25CB5E0400BA5BA0 /* AdventureDetail.swift */ = {isa = PBXFileReference; fileEncoding = 4; lastKnownFileType = sourcecode.swift; path = AdventureDetail.swift; sourceTree = "<group>"; };
		EE87FB3025CB61C400BA5BA0 /* SQLite */ = {isa = PBXFileReference; lastKnownFileType = "compiled.mach-o.dylib"; name = SQLite; path = Carthage/Build/Mac/SQLite.framework/SQLite; sourceTree = "<group>"; };
		EE87FB3525CB61E800BA5BA0 /* SQLite.framework */ = {isa = PBXFileReference; lastKnownFileType = wrapper.framework; name = SQLite.framework; path = Carthage/Build/Mac/SQLite.framework; sourceTree = "<group>"; };
		EE87FB4725CB742E00BA5BA0 /* Base */ = {isa = PBXFileReference; lastKnownFileType = file.storyboard; name = Base; path = Base.lproj/Main.storyboard; sourceTree = "<group>"; };
		EE893547273ED62700F8FC4A /* BellCurveChart.swift.swift */ = {isa = PBXFileReference; lastKnownFileType = sourcecode.swift; path = BellCurveChart.swift.swift; sourceTree = "<group>"; };
		EE893549273ED95600F8FC4A /* DistributionHistogramChartView.swift */ = {isa = PBXFileReference; lastKnownFileType = sourcecode.swift; path = DistributionHistogramChartView.swift; sourceTree = "<group>"; };
		EE8B90C22603867000050D19 /* AdventureSection2View.swift */ = {isa = PBXFileReference; lastKnownFileType = sourcecode.swift; path = AdventureSection2View.swift; sourceTree = "<group>"; };
		EE99D7C62726EA2C00338ADE /* SplashView.swift */ = {isa = PBXFileReference; lastKnownFileType = sourcecode.swift; path = SplashView.swift; sourceTree = "<group>"; };
		EE9AFD95274D9D5C00F84D3F /* SplitsView.swift */ = {isa = PBXFileReference; lastKnownFileType = sourcecode.swift; path = SplitsView.swift; sourceTree = SOURCE_ROOT; };
		EEDA19A625D4992D00B72577 /* parseGPXXML.swift */ = {isa = PBXFileReference; lastKnownFileType = sourcecode.swift; path = parseGPXXML.swift; sourceTree = "<group>"; };
		EEDA19A825D56FF300B72577 /* GpxParseView.swift */ = {isa = PBXFileReference; lastKnownFileType = sourcecode.swift; path = GpxParseView.swift; sourceTree = "<group>"; };
		EEEB2A2C263AEBF8004D3602 /* SQLite.framework.dSYM */ = {isa = PBXFileReference; lastKnownFileType = wrapper.dsym; path = SQLite.framework.dSYM; sourceTree = "<group>"; };
		EEEB2A2D263AEBF8004D3602 /* SQLite.framework */ = {isa = PBXFileReference; lastKnownFileType = wrapper.framework; path = SQLite.framework; sourceTree = "<group>"; };
		EEEB2A31263AEC44004D3602 /* SQLite.framework.dSYM */ = {isa = PBXFileReference; lastKnownFileType = wrapper.dsym; name = SQLite.framework.dSYM; path = "Carthage/Build/SQLite.xcframework/macos-arm64_x86_64/dSYMs/SQLite.framework.dSYM"; sourceTree = "<group>"; };
		EEFFBE4C2731C0D200B89325 /* DescriptiveStatsView.swift */ = {isa = PBXFileReference; lastKnownFileType = sourcecode.swift; path = DescriptiveStatsView.swift; sourceTree = "<group>"; };
		EEFFBE4E2731C3A500B89325 /* DistributionChart.swift */ = {isa = PBXFileReference; lastKnownFileType = sourcecode.swift; path = DistributionChart.swift; sourceTree = "<group>"; };
/* End PBXFileReference section */

/* Begin PBXFrameworksBuildPhase section */
		EE87FABB25CB5DA400BA5BA0 /* Frameworks */ = {
			isa = PBXFrameworksBuildPhase;
			buildActionMask = 2147483647;
			files = (
				EEEB2A2E263AEC11004D3602 /* SQLite.framework in Frameworks */,
				EE100A082728B828006BB086 /* SigmaSwiftStatistics in Frameworks */,
			);
			runOnlyForDeploymentPostprocessing = 0;
		};
/* End PBXFrameworksBuildPhase section */

/* Begin PBXGroup section */
		EE6023C92736B462003B2AF9 /* SplashViews */ = {
			isa = PBXGroup;
			children = (
				EE99D7C62726EA2C00338ADE /* SplashView.swift */,
				EE100A11272F26EA006BB086 /* UpperStatsView.swift */,
				EE100A0F272EF234006BB086 /* LowerStatsView.swift */,
				EEFFBE4C2731C0D200B89325 /* DescriptiveStatsView.swift */,
				EE100A0927298841006BB086 /* SplashTabView.swift */,
			);
			path = SplashViews;
			sourceTree = "<group>";
		};
		EE87FAB525CB5DA400BA5BA0 = {
			isa = PBXGroup;
			children = (
				EEEB2A31263AEC44004D3602 /* SQLite.framework.dSYM */,
				EE87FAC025CB5DA400BA5BA0 /* myAdventureRecord */,
				EE87FABF25CB5DA400BA5BA0 /* Products */,
				EE87FB2F25CB61C400BA5BA0 /* Frameworks */,
			);
			sourceTree = "<group>";
		};
		EE87FABF25CB5DA400BA5BA0 /* Products */ = {
			isa = PBXGroup;
			children = (
				EE87FABE25CB5DA400BA5BA0 /* myAdventureRecord.app */,
			);
			name = Products;
			sourceTree = "<group>";
		};
		EE87FAC025CB5DA400BA5BA0 /* myAdventureRecord */ = {
			isa = PBXGroup;
			children = (
				EE87FB4825CB742E00BA5BA0 /* Main.storyboard */,
				EE87FAC125CB5DA400BA5BA0 /* myAdventureRecordApp.swift */,
				EE0BFF7E25CCA303007ACA9D /* AdventureCommands.swift */,
				EE87FAC325CB5DA400BA5BA0 /* ContentView.swift */,
				EE87FAFC25CB5E0400BA5BA0 /* AdventureList.swift */,
				EE87FAFB25CB5E0400BA5BA0 /* AdventureRow.swift */,
				EE87FAFD25CB5E0400BA5BA0 /* AdventureDetail.swift */,
				EE87FAD325CB5E0300BA5BA0 /* DataStructures */,
				EE87FAE125CB5E0300BA5BA0 /* Models */,
				EE87FAF825CB5E0400BA5BA0 /* Resources */,
				EE87FADB25CB5E0300BA5BA0 /* SqlDatabase */,
				EE87FAE525CB5E0400BA5BA0 /* Supporting Views */,
				EEDA19A525D4946100B72577 /* GpxParser */,
				EE87FAC525CB5DA600BA5BA0 /* Assets.xcassets */,
				EE87FACB25CB5DA600BA5BA0 /* myAdventureRecord.entitlements */,
				EE1D66DF25CCB48A0050EB69 /* Info.plist */,
				EE87FAC725CB5DA600BA5BA0 /* Preview Content */,
			);
			path = myAdventureRecord;
			sourceTree = "<group>";
		};
		EE87FAC725CB5DA600BA5BA0 /* Preview Content */ = {
			isa = PBXGroup;
			children = (
				EE87FAC825CB5DA600BA5BA0 /* Preview Assets.xcassets */,
			);
			path = "Preview Content";
			sourceTree = "<group>";
		};
		EE87FAD325CB5E0300BA5BA0 /* DataStructures */ = {
			isa = PBXGroup;
			children = (
				EE87FAD425CB5E0300BA5BA0 /* StatsStructs.swift */,
				EE87FAD525CB5E0300BA5BA0 /* Track.swift */,
				EE87FAD625CB5E0300BA5BA0 /* ParsingStructs.swift */,
				EE87FAD725CB5E0300BA5BA0 /* Trkpt.swift */,
				EE87FAD825CB5E0300BA5BA0 /* GlobalConstants.swift */,
			);
			path = DataStructures;
			sourceTree = "<group>";
		};
		EE87FADB25CB5E0300BA5BA0 /* SqlDatabase */ = {
			isa = PBXGroup;
			children = (
				EE87FADF25CB5E0300BA5BA0 /* SqlHikingDatabase.swift */,
				EE87FADD25CB5E0300BA5BA0 /* DBViewControllerRepresentable.swift */,
				EE87FADE25CB5E0300BA5BA0 /* DBViewController.swift */,
			);
			path = SqlDatabase;
			sourceTree = "<group>";
		};
		EE87FAE125CB5E0300BA5BA0 /* Models */ = {
			isa = PBXGroup;
			children = (
				EE87FAE225CB5E0300BA5BA0 /* Data.swift */,
				EE87FAE325CB5E0300BA5BA0 /* UserData.swift */,
				EE87FAE425CB5E0300BA5BA0 /* Adventure.swift */,
				EE1492A625F7CB1C00DE184A /* XMLFilesData.swift */,
			);
			path = Models;
			sourceTree = "<group>";
		};
		EE87FAE525CB5E0400BA5BA0 /* Supporting Views */ = {
			isa = PBXGroup;
			children = (
				EE6023C92736B462003B2AF9 /* SplashViews */,
				EE5BF7A8270DE5210045B3E0 /* SliderView.swift */,
				EE8218812703CAD300430188 /* FilterView.swift */,
				EE8B90C22603867000050D19 /* AdventureSection2View.swift */,
				EE87E98625F04F98005C5669 /* DifficultyView.swift */,
				EE87FAED25CB5E0400BA5BA0 /* MapView.swift */,
				EE87FAEE25CB5E0400BA5BA0 /* CircleImage.swift */,
				EE100A0B272EF0CD006BB086 /* RangeSlider.swift */,
				EE87FAEB25CB5E0400BA5BA0 /* DataBase */,
				EE87FAE625CB5E0400BA5BA0 /* Tabs */,
				EE87FAEF25CB5E0400BA5BA0 /* Charts */,
			);
			path = "Supporting Views";
			sourceTree = "<group>";
		};
		EE87FAE625CB5E0400BA5BA0 /* Tabs */ = {
			isa = PBXGroup;
			children = (
				EE9AFD95274D9D5C00F84D3F /* SplitsView.swift */,
				EE3EB17E25D1F212004C149B /* SummaryTab.swift */,
				EE87FAE725CB5E0400BA5BA0 /* DistanceGradeTab.swift */,
				EE87FAE825CB5E0400BA5BA0 /* DistanceElevationTab.swift */,
				EE87FAEA25CB5E0400BA5BA0 /* GainTriangleView.swift */,
			);
			path = Tabs;
			sourceTree = "<group>";
		};
		EE87FAEB25CB5E0400BA5BA0 /* DataBase */ = {
			isa = PBXGroup;
			children = (
				EE87FAEC25CB5E0400BA5BA0 /* HikingDBView.swift */,
			);
			path = DataBase;
			sourceTree = "<group>";
		};
		EE87FAEF25CB5E0400BA5BA0 /* Charts */ = {
			isa = PBXGroup;
			children = (
				EE5E0371274E7EF5001D8230 /* SplitsChartView.swift */,
				EE87FAE925CB5E0400BA5BA0 /* DistanceSpeedTab.swift */,
				EE893549273ED95600F8FC4A /* DistributionHistogramChartView.swift */,
				EEFFBE4E2731C3A500B89325 /* DistributionChart.swift */,
				EE893547273ED62700F8FC4A /* BellCurveChart.swift.swift */,
				EE100A0D272EF161006BB086 /* MonthHistogramView.swift */,
				EE87FAF125CB5E0400BA5BA0 /* DistSpdMainChart.swift */,
				EE87FAD925CB5E0300BA5BA0 /* DistanceSpeedChart.swift */,
				EE87FAF325CB5E0400BA5BA0 /* DistGrdMainChart.swift */,
				EE87FAF425CB5E0400BA5BA0 /* DistanceGradeChart.swift */,
				EE87FAF525CB5E0400BA5BA0 /* DistEleMainChart.swift */,
				EE87FADA25CB5E0300BA5BA0 /* DistanceElevationChart.swift */,
				EE87FAF625CB5E0400BA5BA0 /* XAxisView.swift */,
				EE87FAF025CB5E0400BA5BA0 /* YAxisView.swift */,
				EE87FAF225CB5E0400BA5BA0 /* MinMaxChart.swift */,
			);
			path = Charts;
			sourceTree = "<group>";
		};
		EE87FAF825CB5E0400BA5BA0 /* Resources */ = {
			isa = PBXGroup;
			children = (
				EE87FAF925CB5E0400BA5BA0 /* Annie.jpeg */,
				EE87FAFA25CB5E0400BA5BA0 /* myHikingRecordIcon.jpg */,
			);
			path = Resources;
			sourceTree = "<group>";
		};
		EE87FB2F25CB61C400BA5BA0 /* Frameworks */ = {
			isa = PBXGroup;
			children = (
				EEEB2A2A263AEBF8004D3602 /* macos-arm64_x86_64 */,
				EE87FB3525CB61E800BA5BA0 /* SQLite.framework */,
				EE87FB3025CB61C400BA5BA0 /* SQLite */,
			);
			name = Frameworks;
			sourceTree = "<group>";
		};
		EEDA19A525D4946100B72577 /* GpxParser */ = {
			isa = PBXGroup;
			children = (
				EEDA19A625D4992D00B72577 /* parseGPXXML.swift */,
				EEDA19A825D56FF300B72577 /* GpxParseView.swift */,
				EE1492A025F5433F00DE184A /* BatchParseView.swift */,
				EE1492A425F7B99600DE184A /* BPListView.swift */,
				EE1492A225F7B76800DE184A /* BParseRow.swift */,
			);
			path = GpxParser;
			sourceTree = "<group>";
		};
		EEEB2A2A263AEBF8004D3602 /* macos-arm64_x86_64 */ = {
			isa = PBXGroup;
			children = (
				EEEB2A2B263AEBF8004D3602 /* dSYMs */,
				EEEB2A2D263AEBF8004D3602 /* SQLite.framework */,
			);
			name = "macos-arm64_x86_64";
			path = "Carthage/Build/SQLite.xcframework/macos-arm64_x86_64";
			sourceTree = "<group>";
		};
		EEEB2A2B263AEBF8004D3602 /* dSYMs */ = {
			isa = PBXGroup;
			children = (
				EEEB2A2C263AEBF8004D3602 /* SQLite.framework.dSYM */,
			);
			path = dSYMs;
			sourceTree = "<group>";
		};
/* End PBXGroup section */

/* Begin PBXNativeTarget section */
		EE87FABD25CB5DA400BA5BA0 /* myAdventureRecord */ = {
			isa = PBXNativeTarget;
			buildConfigurationList = EE87FACE25CB5DA600BA5BA0 /* Build configuration list for PBXNativeTarget "myAdventureRecord" */;
			buildPhases = (
				EE87FABA25CB5DA400BA5BA0 /* Sources */,
				EE87FABB25CB5DA400BA5BA0 /* Frameworks */,
				EE87FABC25CB5DA400BA5BA0 /* Resources */,
				EE87FB3925CB620A00BA5BA0 /* CopyFiles */,
				EEEB2A30263AEC11004D3602 /* Embed Frameworks */,
			);
			buildRules = (
			);
			dependencies = (
			);
			name = myAdventureRecord;
			packageProductDependencies = (
				EE100A072728B828006BB086 /* SigmaSwiftStatistics */,
			);
			productName = myAdventureRecord;
			productReference = EE87FABE25CB5DA400BA5BA0 /* myAdventureRecord.app */;
			productType = "com.apple.product-type.application";
		};
/* End PBXNativeTarget section */

/* Begin PBXProject section */
		EE87FAB625CB5DA400BA5BA0 /* Project object */ = {
			isa = PBXProject;
			attributes = {
				LastSwiftUpdateCheck = 1240;
				LastUpgradeCheck = 1240;
				TargetAttributes = {
					EE87FABD25CB5DA400BA5BA0 = {
						CreatedOnToolsVersion = 12.4;
					};
				};
			};
			buildConfigurationList = EE87FAB925CB5DA400BA5BA0 /* Build configuration list for PBXProject "myAdventureRecord" */;
			compatibilityVersion = "Xcode 9.3";
			developmentRegion = en;
			hasScannedForEncodings = 0;
			knownRegions = (
				en,
				Base,
			);
			mainGroup = EE87FAB525CB5DA400BA5BA0;
			packageReferences = (
				EE100A062728B828006BB086 /* XCRemoteSwiftPackageReference "SigmaSwiftStatistics" */,
			);
			productRefGroup = EE87FABF25CB5DA400BA5BA0 /* Products */;
			projectDirPath = "";
			projectRoot = "";
			targets = (
				EE87FABD25CB5DA400BA5BA0 /* myAdventureRecord */,
			);
		};
/* End PBXProject section */

/* Begin PBXResourcesBuildPhase section */
		EE87FABC25CB5DA400BA5BA0 /* Resources */ = {
			isa = PBXResourcesBuildPhase;
			buildActionMask = 2147483647;
			files = (
				EE87FAC925CB5DA600BA5BA0 /* Preview Assets.xcassets in Resources */,
				EE87FB4625CB742E00BA5BA0 /* Main.storyboard in Resources */,
				EE87FB2225CB5E0500BA5BA0 /* myHikingRecordIcon.jpg in Resources */,
				EE87FAC625CB5DA600BA5BA0 /* Assets.xcassets in Resources */,
				EE87FB2125CB5E0500BA5BA0 /* Annie.jpeg in Resources */,
			);
			runOnlyForDeploymentPostprocessing = 0;
		};
/* End PBXResourcesBuildPhase section */

/* Begin PBXSourcesBuildPhase section */
		EE87FABA25CB5DA400BA5BA0 /* Sources */ = {
			isa = PBXSourcesBuildPhase;
			buildActionMask = 2147483647;
			files = (
				EE1492A525F7B99600DE184A /* BPListView.swift in Sources */,
				EE87FB0325CB5E0400BA5BA0 /* StatsStructs.swift in Sources */,
				EE9AFD96274D9D5C00F84D3F /* SplitsView.swift in Sources */,
				EE100A0E272EF161006BB086 /* MonthHistogramView.swift in Sources */,
				EE87FB1725CB5E0500BA5BA0 /* MapView.swift in Sources */,
				EE87FB0425CB5E0400BA5BA0 /* Track.swift in Sources */,
				EE87FB1A25CB5E0500BA5BA0 /* DistSpdMainChart.swift in Sources */,
				EE87FB1325CB5E0500BA5BA0 /* DistanceElevationTab.swift in Sources */,
				EE87FB0625CB5E0500BA5BA0 /* Trkpt.swift in Sources */,
				EEFFBE4F2731C3A500B89325 /* DistributionChart.swift in Sources */,
				EE87FB0B25CB5E0500BA5BA0 /* DBViewControllerRepresentable.swift in Sources */,
				EE87FB1525CB5E0500BA5BA0 /* GainTriangleView.swift in Sources */,
				EEDA19A725D4992D00B72577 /* parseGPXXML.swift in Sources */,
				EE87FB2425CB5E0500BA5BA0 /* AdventureList.swift in Sources */,
				EE87FAC425CB5DA400BA5BA0 /* ContentView.swift in Sources */,
				EE89354A273ED95600F8FC4A /* DistributionHistogramChartView.swift in Sources */,
				EE87FAC225CB5DA400BA5BA0 /* myAdventureRecordApp.swift in Sources */,
				EE87FB0C25CB5E0500BA5BA0 /* DBViewController.swift in Sources */,
				EE87FB1425CB5E0500BA5BA0 /* DistanceSpeedTab.swift in Sources */,
				EE87FB1225CB5E0500BA5BA0 /* DistanceGradeTab.swift in Sources */,
				EE5E0372274E7EF5001D8230 /* SplitsChartView.swift in Sources */,
				EE87FB1925CB5E0500BA5BA0 /* YAxisView.swift in Sources */,
				EE99D7C72726EA2C00338ADE /* SplashView.swift in Sources */,
				EE87FB0925CB5E0500BA5BA0 /* DistanceElevationChart.swift in Sources */,
				EE3EB17F25D1F212004C149B /* SummaryTab.swift in Sources */,
				EE87FB1125CB5E0500BA5BA0 /* Adventure.swift in Sources */,
				EE87FB1F25CB5E0500BA5BA0 /* XAxisView.swift in Sources */,
				EE87FB0D25CB5E0500BA5BA0 /* SqlHikingDatabase.swift in Sources */,
				EE87FB1D25CB5E0500BA5BA0 /* DistanceGradeChart.swift in Sources */,
				EE87FB1625CB5E0500BA5BA0 /* HikingDBView.swift in Sources */,
				EE100A0C272EF0CD006BB086 /* RangeSlider.swift in Sources */,
				EE87FB1B25CB5E0500BA5BA0 /* MinMaxChart.swift in Sources */,
				EE87FB0825CB5E0500BA5BA0 /* DistanceSpeedChart.swift in Sources */,
				EE100A0A27298841006BB086 /* SplashTabView.swift in Sources */,
				EE87FB1025CB5E0500BA5BA0 /* UserData.swift in Sources */,
				EE87FB2325CB5E0500BA5BA0 /* AdventureRow.swift in Sources */,
				EE87FB1C25CB5E0500BA5BA0 /* DistGrdMainChart.swift in Sources */,
				EE87FB1E25CB5E0500BA5BA0 /* DistEleMainChart.swift in Sources */,
				EE87FB0725CB5E0500BA5BA0 /* GlobalConstants.swift in Sources */,
				EE1492A325F7B76800DE184A /* BParseRow.swift in Sources */,
				EE0BFF7F25CCA303007ACA9D /* AdventureCommands.swift in Sources */,
				EE893548273ED62700F8FC4A /* BellCurveChart.swift.swift in Sources */,
				EE87FB0525CB5E0400BA5BA0 /* ParsingStructs.swift in Sources */,
				EE1492A125F5433F00DE184A /* BatchParseView.swift in Sources */,
				EEFFBE4D2731C0D200B89325 /* DescriptiveStatsView.swift in Sources */,
				EE100A12272F26EA006BB086 /* UpperStatsView.swift in Sources */,
				EE87FB2525CB5E0500BA5BA0 /* AdventureDetail.swift in Sources */,
				EE87FB0F25CB5E0500BA5BA0 /* Data.swift in Sources */,
				EE5BF7A9270DE5210045B3E0 /* SliderView.swift in Sources */,
				EE8218822703CAD300430188 /* FilterView.swift in Sources */,
				EE87E98725F04F98005C5669 /* DifficultyView.swift in Sources */,
				EE1492A725F7CB1C00DE184A /* XMLFilesData.swift in Sources */,
				EEDA19A925D56FF300B72577 /* GpxParseView.swift in Sources */,
				EE8B90C32603867000050D19 /* AdventureSection2View.swift in Sources */,
				EE87FB1825CB5E0500BA5BA0 /* CircleImage.swift in Sources */,
				EE100A10272EF234006BB086 /* LowerStatsView.swift in Sources */,
			);
			runOnlyForDeploymentPostprocessing = 0;
		};
/* End PBXSourcesBuildPhase section */

/* Begin PBXVariantGroup section */
		EE87FB4825CB742E00BA5BA0 /* Main.storyboard */ = {
			isa = PBXVariantGroup;
			children = (
				EE87FB4725CB742E00BA5BA0 /* Base */,
			);
			name = Main.storyboard;
			sourceTree = "<group>";
		};
/* End PBXVariantGroup section */

/* Begin XCBuildConfiguration section */
		EE87FACC25CB5DA600BA5BA0 /* Debug */ = {
			isa = XCBuildConfiguration;
			buildSettings = {
				ALWAYS_SEARCH_USER_PATHS = NO;
				CLANG_ANALYZER_NONNULL = YES;
				CLANG_ANALYZER_NUMBER_OBJECT_CONVERSION = YES_AGGRESSIVE;
				CLANG_CXX_LANGUAGE_STANDARD = "gnu++14";
				CLANG_CXX_LIBRARY = "libc++";
				CLANG_ENABLE_MODULES = YES;
				CLANG_ENABLE_OBJC_ARC = YES;
				CLANG_ENABLE_OBJC_WEAK = YES;
				CLANG_WARN_BLOCK_CAPTURE_AUTORELEASING = YES;
				CLANG_WARN_BOOL_CONVERSION = YES;
				CLANG_WARN_COMMA = YES;
				CLANG_WARN_CONSTANT_CONVERSION = YES;
				CLANG_WARN_DEPRECATED_OBJC_IMPLEMENTATIONS = YES;
				CLANG_WARN_DIRECT_OBJC_ISA_USAGE = YES_ERROR;
				CLANG_WARN_DOCUMENTATION_COMMENTS = YES;
				CLANG_WARN_EMPTY_BODY = YES;
				CLANG_WARN_ENUM_CONVERSION = YES;
				CLANG_WARN_INFINITE_RECURSION = YES;
				CLANG_WARN_INT_CONVERSION = YES;
				CLANG_WARN_NON_LITERAL_NULL_CONVERSION = YES;
				CLANG_WARN_OBJC_IMPLICIT_RETAIN_SELF = YES;
				CLANG_WARN_OBJC_LITERAL_CONVERSION = YES;
				CLANG_WARN_OBJC_ROOT_CLASS = YES_ERROR;
				CLANG_WARN_QUOTED_INCLUDE_IN_FRAMEWORK_HEADER = YES;
				CLANG_WARN_RANGE_LOOP_ANALYSIS = YES;
				CLANG_WARN_STRICT_PROTOTYPES = YES;
				CLANG_WARN_SUSPICIOUS_MOVE = YES;
				CLANG_WARN_UNGUARDED_AVAILABILITY = YES_AGGRESSIVE;
				CLANG_WARN_UNREACHABLE_CODE = YES;
				CLANG_WARN__DUPLICATE_METHOD_MATCH = YES;
				COPY_PHASE_STRIP = NO;
				DEBUG_INFORMATION_FORMAT = dwarf;
				ENABLE_STRICT_OBJC_MSGSEND = YES;
				ENABLE_TESTABILITY = YES;
				GCC_C_LANGUAGE_STANDARD = gnu11;
				GCC_DYNAMIC_NO_PIC = NO;
				GCC_NO_COMMON_BLOCKS = YES;
				GCC_OPTIMIZATION_LEVEL = 0;
				GCC_PREPROCESSOR_DEFINITIONS = (
					"DEBUG=1",
					"$(inherited)",
				);
				GCC_WARN_64_TO_32_BIT_CONVERSION = YES;
				GCC_WARN_ABOUT_RETURN_TYPE = YES_ERROR;
				GCC_WARN_UNDECLARED_SELECTOR = YES;
				GCC_WARN_UNINITIALIZED_AUTOS = YES_AGGRESSIVE;
				GCC_WARN_UNUSED_FUNCTION = YES;
				GCC_WARN_UNUSED_VARIABLE = YES;
				MACOSX_DEPLOYMENT_TARGET = 11.0;
				MTL_ENABLE_DEBUG_INFO = INCLUDE_SOURCE;
				MTL_FAST_MATH = YES;
				ONLY_ACTIVE_ARCH = YES;
				SDKROOT = macosx;
				SWIFT_ACTIVE_COMPILATION_CONDITIONS = DEBUG;
				SWIFT_OPTIMIZATION_LEVEL = "-Onone";
			};
			name = Debug;
		};
		EE87FACD25CB5DA600BA5BA0 /* Release */ = {
			isa = XCBuildConfiguration;
			buildSettings = {
				ALWAYS_SEARCH_USER_PATHS = NO;
				CLANG_ANALYZER_NONNULL = YES;
				CLANG_ANALYZER_NUMBER_OBJECT_CONVERSION = YES_AGGRESSIVE;
				CLANG_CXX_LANGUAGE_STANDARD = "gnu++14";
				CLANG_CXX_LIBRARY = "libc++";
				CLANG_ENABLE_MODULES = YES;
				CLANG_ENABLE_OBJC_ARC = YES;
				CLANG_ENABLE_OBJC_WEAK = YES;
				CLANG_WARN_BLOCK_CAPTURE_AUTORELEASING = YES;
				CLANG_WARN_BOOL_CONVERSION = YES;
				CLANG_WARN_COMMA = YES;
				CLANG_WARN_CONSTANT_CONVERSION = YES;
				CLANG_WARN_DEPRECATED_OBJC_IMPLEMENTATIONS = YES;
				CLANG_WARN_DIRECT_OBJC_ISA_USAGE = YES_ERROR;
				CLANG_WARN_DOCUMENTATION_COMMENTS = YES;
				CLANG_WARN_EMPTY_BODY = YES;
				CLANG_WARN_ENUM_CONVERSION = YES;
				CLANG_WARN_INFINITE_RECURSION = YES;
				CLANG_WARN_INT_CONVERSION = YES;
				CLANG_WARN_NON_LITERAL_NULL_CONVERSION = YES;
				CLANG_WARN_OBJC_IMPLICIT_RETAIN_SELF = YES;
				CLANG_WARN_OBJC_LITERAL_CONVERSION = YES;
				CLANG_WARN_OBJC_ROOT_CLASS = YES_ERROR;
				CLANG_WARN_QUOTED_INCLUDE_IN_FRAMEWORK_HEADER = YES;
				CLANG_WARN_RANGE_LOOP_ANALYSIS = YES;
				CLANG_WARN_STRICT_PROTOTYPES = YES;
				CLANG_WARN_SUSPICIOUS_MOVE = YES;
				CLANG_WARN_UNGUARDED_AVAILABILITY = YES_AGGRESSIVE;
				CLANG_WARN_UNREACHABLE_CODE = YES;
				CLANG_WARN__DUPLICATE_METHOD_MATCH = YES;
				COPY_PHASE_STRIP = NO;
				DEBUG_INFORMATION_FORMAT = "dwarf-with-dsym";
				ENABLE_NS_ASSERTIONS = NO;
				ENABLE_STRICT_OBJC_MSGSEND = YES;
				GCC_C_LANGUAGE_STANDARD = gnu11;
				GCC_NO_COMMON_BLOCKS = YES;
				GCC_WARN_64_TO_32_BIT_CONVERSION = YES;
				GCC_WARN_ABOUT_RETURN_TYPE = YES_ERROR;
				GCC_WARN_UNDECLARED_SELECTOR = YES;
				GCC_WARN_UNINITIALIZED_AUTOS = YES_AGGRESSIVE;
				GCC_WARN_UNUSED_FUNCTION = YES;
				GCC_WARN_UNUSED_VARIABLE = YES;
				MACOSX_DEPLOYMENT_TARGET = 11.0;
				MTL_ENABLE_DEBUG_INFO = NO;
				MTL_FAST_MATH = YES;
				SDKROOT = macosx;
				SWIFT_COMPILATION_MODE = wholemodule;
				SWIFT_OPTIMIZATION_LEVEL = "-O";
			};
			name = Release;
		};
		EE87FACF25CB5DA600BA5BA0 /* Debug */ = {
			isa = XCBuildConfiguration;
			buildSettings = {
				ASSETCATALOG_COMPILER_APPICON_NAME = AppIcon;
				ASSETCATALOG_COMPILER_GLOBAL_ACCENT_COLOR_NAME = AccentColor;
				CODE_SIGN_ENTITLEMENTS = myAdventureRecord/myAdventureRecord.entitlements;
				CODE_SIGN_IDENTITY = "Mac Developer";
				CODE_SIGN_STYLE = Automatic;
				COMBINE_HIDPI_IMAGES = YES;
				CURRENT_PROJECT_VERSION = 1;
				DEVELOPMENT_ASSET_PATHS = "\"myAdventureRecord/Preview Content\"";
				DEVELOPMENT_TEAM = YF37JW378F;
				ENABLE_HARDENED_RUNTIME = YES;
				ENABLE_PREVIEWS = YES;
				FRAMEWORK_SEARCH_PATHS = (
					"$(inherited)",
					"$(PROJECT_DIR)/Carthage/Build/SQLite.xcframework/macos-arm64_x86_64",
				);
				INFOPLIST_FILE = myAdventureRecord/Info.plist;
				LD_RUNPATH_SEARCH_PATHS = (
					"$(inherited)",
					"@executable_path/../Frameworks",
				);
				LIBRARY_SEARCH_PATHS = (
					"$(inherited)",
					"$(PROJECT_DIR)/Carthage/Build/SQLite.xcframework/macos-arm64_x86_64/SQLite.framework",
				);
				MACOSX_DEPLOYMENT_TARGET = 11.3;
				MARKETING_VERSION = 1.0;
				"OTHER_SWIFT_FLAGS[arch=*]" = "-Onone -Xfrontend -warn-long-function-bodies=100 -Xfrontend -warn-long-expression-type-checking=100";
				PRODUCT_BUNDLE_IDENTIFIER = rlm.myAdventureRecord;
				PRODUCT_NAME = "$(TARGET_NAME)";
				SWIFT_VERSION = 5.0;
			};
			name = Debug;
		};
		EE87FAD025CB5DA600BA5BA0 /* Release */ = {
			isa = XCBuildConfiguration;
			buildSettings = {
				ASSETCATALOG_COMPILER_APPICON_NAME = AppIcon;
				ASSETCATALOG_COMPILER_GLOBAL_ACCENT_COLOR_NAME = AccentColor;
				CODE_SIGN_ENTITLEMENTS = myAdventureRecord/myAdventureRecord.entitlements;
				CODE_SIGN_IDENTITY = "Mac Developer";
				CODE_SIGN_STYLE = Automatic;
				COMBINE_HIDPI_IMAGES = YES;
				CURRENT_PROJECT_VERSION = 1;
				DEVELOPMENT_ASSET_PATHS = "\"myAdventureRecord/Preview Content\"";
				DEVELOPMENT_TEAM = YF37JW378F;
				ENABLE_HARDENED_RUNTIME = YES;
				ENABLE_PREVIEWS = YES;
				FRAMEWORK_SEARCH_PATHS = (
					"$(inherited)",
					"$(PROJECT_DIR)/Carthage/Build/SQLite.xcframework/macos-arm64_x86_64",
				);
				INFOPLIST_FILE = myAdventureRecord/Info.plist;
				LD_RUNPATH_SEARCH_PATHS = (
					"$(inherited)",
					"@executable_path/../Frameworks",
				);
				LIBRARY_SEARCH_PATHS = (
					"$(inherited)",
					"$(PROJECT_DIR)/Carthage/Build/SQLite.xcframework/macos-arm64_x86_64/SQLite.framework",
				);
				MACOSX_DEPLOYMENT_TARGET = 11.3;
				MARKETING_VERSION = 1.0;
				PRODUCT_BUNDLE_IDENTIFIER = rlm.myAdventureRecord;
				PRODUCT_NAME = "$(TARGET_NAME)";
				SWIFT_VERSION = 5.0;
			};
			name = Release;
		};
/* End XCBuildConfiguration section */

/* Begin XCConfigurationList section */
		EE87FAB925CB5DA400BA5BA0 /* Build configuration list for PBXProject "myAdventureRecord" */ = {
			isa = XCConfigurationList;
			buildConfigurations = (
				EE87FACC25CB5DA600BA5BA0 /* Debug */,
				EE87FACD25CB5DA600BA5BA0 /* Release */,
			);
			defaultConfigurationIsVisible = 0;
			defaultConfigurationName = Release;
		};
		EE87FACE25CB5DA600BA5BA0 /* Build configuration list for PBXNativeTarget "myAdventureRecord" */ = {
			isa = XCConfigurationList;
			buildConfigurations = (
				EE87FACF25CB5DA600BA5BA0 /* Debug */,
				EE87FAD025CB5DA600BA5BA0 /* Release */,
			);
			defaultConfigurationIsVisible = 0;
			defaultConfigurationName = Release;
		};
/* End XCConfigurationList section */

/* Begin XCRemoteSwiftPackageReference section */
		EE100A062728B828006BB086 /* XCRemoteSwiftPackageReference "SigmaSwiftStatistics" */ = {
			isa = XCRemoteSwiftPackageReference;
			repositoryURL = "https://github.com/evgenyneu/SigmaSwiftStatistics.git";
			requirement = {
				kind = upToNextMajorVersion;
				minimumVersion = 9.0.0;
			};
		};
/* End XCRemoteSwiftPackageReference section */

/* Begin XCSwiftPackageProductDependency section */
		EE100A072728B828006BB086 /* SigmaSwiftStatistics */ = {
			isa = XCSwiftPackageProductDependency;
			package = EE100A062728B828006BB086 /* XCRemoteSwiftPackageReference "SigmaSwiftStatistics" */;
			productName = SigmaSwiftStatistics;
		};
/* End XCSwiftPackageProductDependency section */
	};
	rootObject = EE87FAB625CB5DA400BA5BA0 /* Project object */;
}
